
Microsoft Visual Studio Solution File, Format Version 12.00
# Visual Studio 15
VisualStudioVersion = 15.0.26124.0
MinimumVisualStudioVersion = 15.0.26124.0
Project("{2150E333-8FDC-42A3-9474-1A3956D46DE8}") = "src", "src", "{509450E3-3117-47E5-9498-2F2CBF94CB18}"
EndProject
Project("{FAE04EC0-301F-11D3-BF4B-00C04F79EFBC}") = "GradeBook", "src\GradeBook\GradeBook.csproj", "{1853A77D-F754-401F-9BA5-1825A2D030A4}"
EndProject
Project("{2150E333-8FDC-42A3-9474-1A3956D46DE8}") = "test", "test", "{94416594-66D4-4484-B93F-8EEF93194FC4}"
EndProject
Project("{FAE04EC0-301F-11D3-BF4B-00C04F79EFBC}") = "GradeBook.Tests", "test\GradeBook.Tests\GradeBook.Tests.csproj", "{D6B53768-2C02-4C0C-AF43-FDE96392C260}"
EndProject
Global
	GlobalSection(SolutionConfigurationPlatforms) = preSolution
		Debug|Any CPU = Debug|Any CPU
		Debug|x64 = Debug|x64
		Debug|x86 = Debug|x86
		Release|Any CPU = Release|Any CPU
		Release|x64 = Release|x64
		Release|x86 = Release|x86
	EndGlobalSection
	GlobalSection(SolutionProperties) = preSolution
		HideSolutionNode = FALSE
	EndGlobalSection
	GlobalSection(ProjectConfigurationPlatforms) = postSolution
		{1853A77D-F754-401F-9BA5-1825A2D030A4}.Debug|Any CPU.ActiveCfg = Debug|Any CPU
		{1853A77D-F754-401F-9BA5-1825A2D030A4}.Debug|Any CPU.Build.0 = Debug|Any CPU
		{1853A77D-F754-401F-9BA5-1825A2D030A4}.Debug|x64.ActiveCfg = Debug|Any CPU
		{1853A77D-F754-401F-9BA5-1825A2D030A4}.Debug|x64.Build.0 = Debug|Any CPU
		{1853A77D-F754-401F-9BA5-1825A2D030A4}.Debug|x86.ActiveCfg = Debug|Any CPU
		{1853A77D-F754-401F-9BA5-1825A2D030A4}.Debug|x86.Build.0 = Debug|Any CPU
		{1853A77D-F754-401F-9BA5-1825A2D030A4}.Release|Any CPU.ActiveCfg = Release|Any CPU
		{1853A77D-F754-401F-9BA5-1825A2D030A4}.Release|Any CPU.Build.0 = Release|Any CPU
		{1853A77D-F754-401F-9BA5-1825A2D030A4}.Release|x64.ActiveCfg = Release|Any CPU
		{1853A77D-F754-401F-9BA5-1825A2D030A4}.Release|x64.Build.0 = Release|Any CPU
		{1853A77D-F754-401F-9BA5-1825A2D030A4}.Release|x86.ActiveCfg = Release|Any CPU
		{1853A77D-F754-401F-9BA5-1825A2D030A4}.Release|x86.Build.0 = Release|Any CPU
		{D6B53768-2C02-4C0C-AF43-FDE96392C260}.Debug|Any CPU.ActiveCfg = Debug|Any CPU
		{D6B53768-2C02-4C0C-AF43-FDE96392C260}.Debug|Any CPU.Build.0 = Debug|Any CPU
		{D6B53768-2C02-4C0C-AF43-FDE96392C260}.Debug|x64.ActiveCfg = Debug|Any CPU
		{D6B53768-2C02-4C0C-AF43-FDE96392C260}.Debug|x64.Build.0 = Debug|Any CPU
		{D6B53768-2C02-4C0C-AF43-FDE96392C260}.Debug|x86.ActiveCfg = Debug|Any CPU
		{D6B53768-2C02-4C0C-AF43-FDE96392C260}.Debug|x86.Build.0 = Debug|Any CPU
		{D6B53768-2C02-4C0C-AF43-FDE96392C260}.Release|Any CPU.ActiveCfg = Release|Any CPU
		{D6B53768-2C02-4C0C-AF43-FDE96392C260}.Release|Any CPU.Build.0 = Release|Any CPU
		{D6B53768-2C02-4C0C-AF43-FDE96392C260}.Release|x64.ActiveCfg = Release|Any CPU
		{D6B53768-2C02-4C0C-AF43-FDE96392C260}.Release|x64.Build.0 = Release|Any CPU
		{D6B53768-2C02-4C0C-AF43-FDE96392C260}.Release|x86.ActiveCfg = Release|Any CPU
		{D6B53768-2C02-4C0C-AF43-FDE96392C260}.Release|x86.Build.0 = Release|Any CPU
	EndGlobalSection
	GlobalSection(NestedProjects) = preSolution
		{1853A77D-F754-401F-9BA5-1825A2D030A4} = {509450E3-3117-47E5-9498-2F2CBF94CB18}
		{D6B53768-2C02-4C0C-AF43-FDE96392C260} = {94416594-66D4-4484-B93F-8EEF93194FC4}
	EndGlobalSection
EndGlobal
